# This file is automatically @generated by Cargo.
# It is not intended for manual editing.
version = 3

[[package]]
name = "libc"
version = "0.2.154"
source = "registry+https://github.com/rust-lang/crates.io-index"
checksum = "ae743338b92ff9146ce83992f766a31066a91a8c84a45e0e9f21e7cf6de6d346"

[[package]]
name = "pigg"
version = "0.1.0"
dependencies = [
 "rppal",
]

[[package]]
name = "rppal"
version = "0.17.1"
source = "registry+https://github.com/rust-lang/crates.io-index"
checksum = "1dc171bbe325b04172e18d917c58c2cf1fb5adfd9ffabb1d6b3d62ba4c1c1331"
dependencies = [
 "libc",
]
